
Microsoft Visual Studio Solution File, Format Version 12.00
# Visual Studio Version 16
VisualStudioVersion = 16.0.32510.428
MinimumVisualStudioVersion = 10.0.40219.1
Project("{FAE04EC0-301F-11D3-BF4B-00C04F79EFBC}") = "DivideByZero", "DivideByZero.csproj", "{661DC972-27AA-43B2-9391-B99CFB2B738D}"
EndProject
Global
	GlobalSection(SolutionConfigurationPlatforms) = preSolution
		Debug|Any CPU = Debug|Any CPU
		Release|Any CPU = Release|Any CPU
	EndGlobalSection
	GlobalSection(ProjectConfigurationPlatforms) = postSolution
		{661DC972-27AA-43B2-9391-B99CFB2B738D}.Debug|Any CPU.ActiveCfg = Debug|Any CPU
		{661DC972-27AA-43B2-9391-B99CFB2B738D}.Debug|Any CPU.Build.0 = Debug|Any CPU
		{661DC972-27AA-43B2-9391-B99CFB2B738D}.Release|Any CPU.ActiveCfg = Release|Any CPU
		{661DC972-27AA-43B2-9391-B99CFB2B738D}.Release|Any CPU.Build.0 = Release|Any CPU
	EndGlobalSection
	GlobalSection(SolutionProperties) = preSolution
		HideSolutionNode = FALSE
	EndGlobalSection
	GlobalSection(ExtensibilityGlobals) = postSolution
		SolutionGuid = {41F79DFC-CFB3-49C8-A5E6-20F4A9BE4248}
	EndGlobalSection
EndGlobal
